
Microsoft Visual Studio Solution File, Format Version 12.00
# Visual Studio Version 17
VisualStudioVersion = 17.11.35312.102
MinimumVisualStudioVersion = 10.0.40219.1
Project("{FAE04EC0-301F-11D3-BF4B-00C04F79EFBC}") = "Almajed Services Website", "Almajed Services Website\Almajed Services Website.csproj", "{6B87F7BB-CC54-47C1-A3B9-ED541837A5B5}"
EndProject
Global
	GlobalSection(SolutionConfigurationPlatforms) = preSolution
		Debug|Any CPU = Debug|Any CPU
		Release|Any CPU = Release|Any CPU
	EndGlobalSection
	GlobalSection(ProjectConfigurationPlatforms) = postSolution
		{6B87F7BB-CC54-47C1-A3B9-ED541837A5B5}.Debug|Any CPU.ActiveCfg = Debug|Any CPU
		{6B87F7BB-CC54-47C1-A3B9-ED541837A5B5}.Debug|Any CPU.Build.0 = Debug|Any CPU
		{6B87F7BB-CC54-47C1-A3B9-ED541837A5B5}.Release|Any CPU.ActiveCfg = Release|Any CPU
		{6B87F7BB-CC54-47C1-A3B9-ED541837A5B5}.Release|Any CPU.Build.0 = Release|Any CPU
	EndGlobalSection
	GlobalSection(SolutionProperties) = preSolution
		HideSolutionNode = FALSE
	EndGlobalSection
	GlobalSection(ExtensibilityGlobals) = postSolution
		SolutionGuid = {B8F1B798-D207-47E4-8650-986DEE00AE44}
	EndGlobalSection
EndGlobal
